{
  "nodes": {
    "atomicparsley": {
      "flake": false,
      "locked": {
        "lastModified": 1626387351,
        "narHash": "sha256-77yWwfdEul4uLsUNX1dLwj8K0ilcuBaTVKMyXDvKVx4=",
        "owner": "wez",
        "repo": "atomicparsley",
        "rev": "e7ad03a341f2638c12970dff18a13e86fa57b679",
        "type": "github"
      },
      "original": {
        "owner": "wez",
        "ref": "20210715.151551.e7ad03a",
        "repo": "atomicparsley",
        "type": "github"
      }
    },
    "ffmpeg": {
      "flake": false,
      "locked": {
        "lastModified": 1699659382,
        "narHash": "sha256-NzhD2D16bCVCyCXo0TRwZYp3Ta5eFSfoQPa+iRkeNZg=",
        "owner": "FFmpeg",
        "repo": "FFmpeg",
        "rev": "d4ff0020b40b524a490cf62eccbd3a318f4c0e58",
        "type": "github"
      },
      "original": {
        "owner": "FFmpeg",
        "ref": "n6.1",
        "repo": "FFmpeg",
        "type": "github"
      }
    },
    "mp4box": {
      "flake": false,
      "locked": {
        "lastModified": 1645543306,
        "narHash": "sha256-MIX32lSqf/lrz9240h4wMIQp/heUmwvDJz8WN08yf6c=",
        "owner": "gpac",
        "repo": "gpac",
        "rev": "418db4149af78773815b5f6a7030a120037ba140",
        "type": "github"
      },
      "original": {
        "owner": "gpac",
        "ref": "v2.0.0",
        "repo": "gpac",
        "type": "github"
      }
    },
    "nixpkgs": {
      "locked": {
        "lastModified": 1699343069,
        "narHash": "sha256-s7BBhyLA6MI6FuJgs4F/SgpntHBzz40/qV0xLPW6A1Q=",
        "owner": "NixOS",
        "repo": "nixpkgs",
        "rev": "ec750fd01963ab6b20ee1f0cb488754e8036d89d",
        "type": "github"
      },
      "original": {
        "owner": "NixOS",
        "ref": "nixpkgs-unstable",
        "repo": "nixpkgs",
        "type": "github"
      }
    },
    "root": {
      "inputs": {
        "atomicparsley": "atomicparsley",
        "ffmpeg": "ffmpeg",
        "mp4box": "mp4box",
        "nixpkgs": "nixpkgs"
      }
    }
  },
  "root": "root",
  "version": 7
}
