{
  "nodes": {
    "atomicparsley": {
      "flake": false,
      "locked": {
        "lastModified": 1626387351,
        "narHash": "sha256-77yWwfdEul4uLsUNX1dLwj8K0ilcuBaTVKMyXDvKVx4=",
        "owner": "wez",
        "repo": "atomicparsley",
        "rev": "e7ad03a341f2638c12970dff18a13e86fa57b679",
        "type": "github"
      },
      "original": {
        "owner": "wez",
        "ref": "20210715.151551.e7ad03a",
        "repo": "atomicparsley",
        "type": "github"
      }
    },
    "ffmpeg": {
      "flake": false,
      "locked": {
        "lastModified": 1642185835,
        "narHash": "sha256-wQ0DEjWIg8sWfXv/Rlw4wUM+1KjrnuFVIGyDalPf7jc=",
        "owner": "FFmpeg",
        "repo": "FFmpeg",
        "rev": "390d6853d0ef408007feb39c0040682c81c02751",
        "type": "github"
      },
      "original": {
        "owner": "FFmpeg",
        "ref": "n5.0",
        "repo": "FFmpeg",
        "type": "github"
      }
    },
    "mp4box": {
      "flake": false,
      "locked": {
        "lastModified": 1645543306,
        "narHash": "sha256-MIX32lSqf/lrz9240h4wMIQp/heUmwvDJz8WN08yf6c=",
        "owner": "gpac",
        "repo": "gpac",
        "rev": "418db4149af78773815b5f6a7030a120037ba140",
        "type": "github"
      },
      "original": {
        "owner": "gpac",
        "ref": "v2.0.0",
        "repo": "gpac",
        "type": "github"
      }
    },
    "nixpkgs": {
      "locked": {
        "lastModified": 1646955661,
        "narHash": "sha256-AYLta1PubJnrkv15+7G+6ErW5m9NcI9wSdJ+n7pKAe0=",
        "owner": "NixOS",
        "repo": "nixpkgs",
        "rev": "e9545762b032559c27d8ec9141ed63ceca1aa1ac",
        "type": "github"
      },
      "original": {
        "owner": "NixOS",
        "ref": "nixpkgs-unstable",
        "repo": "nixpkgs",
        "type": "github"
      }
    },
    "root": {
      "inputs": {
        "atomicparsley": "atomicparsley",
        "ffmpeg": "ffmpeg",
        "mp4box": "mp4box",
        "nixpkgs": "nixpkgs"
      }
    }
  },
  "root": "root",
  "version": 7
}
