{
  "nodes": {
    "ffmpeg": {
      "flake": false,
      "locked": {
        "lastModified": 1617915316,
        "narHash": "sha256-q40sOzKMu27ePERKkrnKO0+LbZb+uTwgZtPJQdMTZSc=",
        "owner": "FFmpeg",
        "repo": "FFmpeg",
        "rev": "dc91b913b6260e85e1304c74ff7bb3c22a8c9fb1",
        "type": "github"
      },
      "original": {
        "owner": "FFmpeg",
        "ref": "n4.4",
        "repo": "FFmpeg",
        "type": "github"
      }
    },
    "nixpkgs": {
      "locked": {
        "lastModified": 1619878164,
        "narHash": "sha256-Wy/bFfNUBwmtYevnyVxOxN0i3w+jb7/y6jHjo1eE36Y=",
        "owner": "NixOS",
        "repo": "nixpkgs",
        "rev": "be598f39803a654d4c4c811bcfd531600e0ff5c0",
        "type": "github"
      },
      "original": {
        "id": "nixpkgs",
        "type": "indirect"
      }
    },
    "root": {
      "inputs": {
        "ffmpeg": "ffmpeg",
        "nixpkgs": "nixpkgs"
      }
    }
  },
  "root": "root",
  "version": 7
}
